
Microsoft Visual Studio Solution File, Format Version 12.00
# Visual Studio Version 16
VisualStudioVersion = 16.0.29709.97
MinimumVisualStudioVersion = 10.0.40219.1
Project("{FAE04EC0-301F-11D3-BF4B-00C04F79EFBC}") = "kullanici.adi.sifre.kontrolu", "kullanici.adi.sifre.kontrolu\kullanici.adi.sifre.kontrolu.csproj", "{8F4A44F9-B278-4B6E-BD46-5B25EF17C4CF}"
EndProject
Global
	GlobalSection(SolutionConfigurationPlatforms) = preSolution
		Debug|Any CPU = Debug|Any CPU
		Release|Any CPU = Release|Any CPU
	EndGlobalSection
	GlobalSection(ProjectConfigurationPlatforms) = postSolution
		{8F4A44F9-B278-4B6E-BD46-5B25EF17C4CF}.Debug|Any CPU.ActiveCfg = Debug|Any CPU
		{8F4A44F9-B278-4B6E-BD46-5B25EF17C4CF}.Debug|Any CPU.Build.0 = Debug|Any CPU
		{8F4A44F9-B278-4B6E-BD46-5B25EF17C4CF}.Release|Any CPU.ActiveCfg = Release|Any CPU
		{8F4A44F9-B278-4B6E-BD46-5B25EF17C4CF}.Release|Any CPU.Build.0 = Release|Any CPU
	EndGlobalSection
	GlobalSection(SolutionProperties) = preSolution
		HideSolutionNode = FALSE
	EndGlobalSection
	GlobalSection(ExtensibilityGlobals) = postSolution
		SolutionGuid = {7A411CC8-5014-483D-A156-CD306521769F}
	EndGlobalSection
EndGlobal
