
Microsoft Visual Studio Solution File, Format Version 12.00
# Visual Studio Version 16
VisualStudioVersion = 16.0.29709.97
MinimumVisualStudioVersion = 10.0.40219.1
Project("{FAE04EC0-301F-11D3-BF4B-00C04F79EFBC}") = "ConsoleApp11", "ConsoleApp11\ConsoleApp11.csproj", "{E916FCFB-7FD0-4A1E-AF43-789349337259}"
EndProject
Global
	GlobalSection(SolutionConfigurationPlatforms) = preSolution
		Debug|Any CPU = Debug|Any CPU
		Release|Any CPU = Release|Any CPU
	EndGlobalSection
	GlobalSection(ProjectConfigurationPlatforms) = postSolution
		{E916FCFB-7FD0-4A1E-AF43-789349337259}.Debug|Any CPU.ActiveCfg = Debug|Any CPU
		{E916FCFB-7FD0-4A1E-AF43-789349337259}.Debug|Any CPU.Build.0 = Debug|Any CPU
		{E916FCFB-7FD0-4A1E-AF43-789349337259}.Release|Any CPU.ActiveCfg = Release|Any CPU
		{E916FCFB-7FD0-4A1E-AF43-789349337259}.Release|Any CPU.Build.0 = Release|Any CPU
	EndGlobalSection
	GlobalSection(SolutionProperties) = preSolution
		HideSolutionNode = FALSE
	EndGlobalSection
	GlobalSection(ExtensibilityGlobals) = postSolution
		SolutionGuid = {A4CD2A08-CF8F-4888-A3AB-44026DA23371}
	EndGlobalSection
EndGlobal
