
Microsoft Visual Studio Solution File, Format Version 12.00
# Visual Studio Version 16
VisualStudioVersion = 16.0.29709.97
MinimumVisualStudioVersion = 10.0.40219.1
Project("{FAE04EC0-301F-11D3-BF4B-00C04F79EFBC}") = "dizilersayma", "dizilersayma\dizilersayma.csproj", "{A27F3123-85B3-435B-A001-86CF25B5B2E1}"
EndProject
Global
	GlobalSection(SolutionConfigurationPlatforms) = preSolution
		Debug|Any CPU = Debug|Any CPU
		Release|Any CPU = Release|Any CPU
	EndGlobalSection
	GlobalSection(ProjectConfigurationPlatforms) = postSolution
		{A27F3123-85B3-435B-A001-86CF25B5B2E1}.Debug|Any CPU.ActiveCfg = Debug|Any CPU
		{A27F3123-85B3-435B-A001-86CF25B5B2E1}.Debug|Any CPU.Build.0 = Debug|Any CPU
		{A27F3123-85B3-435B-A001-86CF25B5B2E1}.Release|Any CPU.ActiveCfg = Release|Any CPU
		{A27F3123-85B3-435B-A001-86CF25B5B2E1}.Release|Any CPU.Build.0 = Release|Any CPU
	EndGlobalSection
	GlobalSection(SolutionProperties) = preSolution
		HideSolutionNode = FALSE
	EndGlobalSection
	GlobalSection(ExtensibilityGlobals) = postSolution
		SolutionGuid = {E9F8261C-0BE1-457D-9EFB-DDB5820FD8B5}
	EndGlobalSection
EndGlobal
