
Microsoft Visual Studio Solution File, Format Version 12.00
# Visual Studio Version 16
VisualStudioVersion = 16.0.29709.97
MinimumVisualStudioVersion = 10.0.40219.1
Project("{FAE04EC0-301F-11D3-BF4B-00C04F79EFBC}") = "nuramayi.ters.cevirme", "nuramayi.ters.cevirme\nuramayi.ters.cevirme.csproj", "{BA4EAB34-8CEC-4D5A-8062-959DFAA9023B}"
EndProject
Global
	GlobalSection(SolutionConfigurationPlatforms) = preSolution
		Debug|Any CPU = Debug|Any CPU
		Release|Any CPU = Release|Any CPU
	EndGlobalSection
	GlobalSection(ProjectConfigurationPlatforms) = postSolution
		{BA4EAB34-8CEC-4D5A-8062-959DFAA9023B}.Debug|Any CPU.ActiveCfg = Debug|Any CPU
		{BA4EAB34-8CEC-4D5A-8062-959DFAA9023B}.Debug|Any CPU.Build.0 = Debug|Any CPU
		{BA4EAB34-8CEC-4D5A-8062-959DFAA9023B}.Release|Any CPU.ActiveCfg = Release|Any CPU
		{BA4EAB34-8CEC-4D5A-8062-959DFAA9023B}.Release|Any CPU.Build.0 = Release|Any CPU
	EndGlobalSection
	GlobalSection(SolutionProperties) = preSolution
		HideSolutionNode = FALSE
	EndGlobalSection
	GlobalSection(ExtensibilityGlobals) = postSolution
		SolutionGuid = {5E7C9BD5-836F-4534-AFAC-D56BD40705A2}
	EndGlobalSection
EndGlobal
