
Microsoft Visual Studio Solution File, Format Version 12.00
# Visual Studio Version 16
VisualStudioVersion = 16.0.29709.97
MinimumVisualStudioVersion = 10.0.40219.1
Project("{FAE04EC0-301F-11D3-BF4B-00C04F79EFBC}") = "asal.sayi.bulma", "asal.sayi.bulma\asal.sayi.bulma.csproj", "{6F3A409B-8D05-488E-9E5D-59C0B631DDE0}"
EndProject
Global
	GlobalSection(SolutionConfigurationPlatforms) = preSolution
		Debug|Any CPU = Debug|Any CPU
		Release|Any CPU = Release|Any CPU
	EndGlobalSection
	GlobalSection(ProjectConfigurationPlatforms) = postSolution
		{6F3A409B-8D05-488E-9E5D-59C0B631DDE0}.Debug|Any CPU.ActiveCfg = Debug|Any CPU
		{6F3A409B-8D05-488E-9E5D-59C0B631DDE0}.Debug|Any CPU.Build.0 = Debug|Any CPU
		{6F3A409B-8D05-488E-9E5D-59C0B631DDE0}.Release|Any CPU.ActiveCfg = Release|Any CPU
		{6F3A409B-8D05-488E-9E5D-59C0B631DDE0}.Release|Any CPU.Build.0 = Release|Any CPU
	EndGlobalSection
	GlobalSection(SolutionProperties) = preSolution
		HideSolutionNode = FALSE
	EndGlobalSection
	GlobalSection(ExtensibilityGlobals) = postSolution
		SolutionGuid = {2298556D-1701-4D4F-AABA-459A4B680750}
	EndGlobalSection
EndGlobal
