
Microsoft Visual Studio Solution File, Format Version 12.00
# Visual Studio Version 16
VisualStudioVersion = 16.0.29709.97
MinimumVisualStudioVersion = 10.0.40219.1
Project("{FAE04EC0-301F-11D3-BF4B-00C04F79EFBC}") = "ConsoleApp1", "ConsoleApp1\ConsoleApp1.csproj", "{BC739F66-7FF5-4633-A060-4B10E76F02DA}"
EndProject
Global
	GlobalSection(SolutionConfigurationPlatforms) = preSolution
		Debug|Any CPU = Debug|Any CPU
		Release|Any CPU = Release|Any CPU
	EndGlobalSection
	GlobalSection(ProjectConfigurationPlatforms) = postSolution
		{BC739F66-7FF5-4633-A060-4B10E76F02DA}.Debug|Any CPU.ActiveCfg = Debug|Any CPU
		{BC739F66-7FF5-4633-A060-4B10E76F02DA}.Debug|Any CPU.Build.0 = Debug|Any CPU
		{BC739F66-7FF5-4633-A060-4B10E76F02DA}.Release|Any CPU.ActiveCfg = Release|Any CPU
		{BC739F66-7FF5-4633-A060-4B10E76F02DA}.Release|Any CPU.Build.0 = Release|Any CPU
	EndGlobalSection
	GlobalSection(SolutionProperties) = preSolution
		HideSolutionNode = FALSE
	EndGlobalSection
	GlobalSection(ExtensibilityGlobals) = postSolution
		SolutionGuid = {98F5F97C-E9F0-4D09-9631-C9CF081BEAAB}
	EndGlobalSection
EndGlobal
