
Microsoft Visual Studio Solution File, Format Version 12.00
# Visual Studio Version 16
VisualStudioVersion = 16.0.29709.97
MinimumVisualStudioVersion = 10.0.40219.1
Project("{FAE04EC0-301F-11D3-BF4B-00C04F79EFBC}") = "basamaklarina.ayirma", "basamaklarina.ayirma\basamaklarina.ayirma.csproj", "{96B47242-D1E1-49A2-AE21-91CA3C6DCD1D}"
EndProject
Global
	GlobalSection(SolutionConfigurationPlatforms) = preSolution
		Debug|Any CPU = Debug|Any CPU
		Release|Any CPU = Release|Any CPU
	EndGlobalSection
	GlobalSection(ProjectConfigurationPlatforms) = postSolution
		{96B47242-D1E1-49A2-AE21-91CA3C6DCD1D}.Debug|Any CPU.ActiveCfg = Debug|Any CPU
		{96B47242-D1E1-49A2-AE21-91CA3C6DCD1D}.Debug|Any CPU.Build.0 = Debug|Any CPU
		{96B47242-D1E1-49A2-AE21-91CA3C6DCD1D}.Release|Any CPU.ActiveCfg = Release|Any CPU
		{96B47242-D1E1-49A2-AE21-91CA3C6DCD1D}.Release|Any CPU.Build.0 = Release|Any CPU
	EndGlobalSection
	GlobalSection(SolutionProperties) = preSolution
		HideSolutionNode = FALSE
	EndGlobalSection
	GlobalSection(ExtensibilityGlobals) = postSolution
		SolutionGuid = {969C720C-A474-4285-8367-223A1C6F01F5}
	EndGlobalSection
EndGlobal
