
Microsoft Visual Studio Solution File, Format Version 12.00
# Visual Studio Version 16
VisualStudioVersion = 16.0.29709.97
MinimumVisualStudioVersion = 10.0.40219.1
Project("{FAE04EC0-301F-11D3-BF4B-00C04F79EFBC}") = "diziler", "..\diziler.\diziler.\diziler.csproj", "{1C5FBEAB-AAB6-4970-BE4C-0D289AC0D7DA}"
EndProject
Global
	GlobalSection(SolutionConfigurationPlatforms) = preSolution
		Debug|Any CPU = Debug|Any CPU
		Release|Any CPU = Release|Any CPU
	EndGlobalSection
	GlobalSection(ProjectConfigurationPlatforms) = postSolution
		{1C5FBEAB-AAB6-4970-BE4C-0D289AC0D7DA}.Debug|Any CPU.ActiveCfg = Debug|Any CPU
		{1C5FBEAB-AAB6-4970-BE4C-0D289AC0D7DA}.Debug|Any CPU.Build.0 = Debug|Any CPU
		{1C5FBEAB-AAB6-4970-BE4C-0D289AC0D7DA}.Release|Any CPU.ActiveCfg = Release|Any CPU
		{1C5FBEAB-AAB6-4970-BE4C-0D289AC0D7DA}.Release|Any CPU.Build.0 = Release|Any CPU
	EndGlobalSection
	GlobalSection(SolutionProperties) = preSolution
		HideSolutionNode = FALSE
	EndGlobalSection
	GlobalSection(ExtensibilityGlobals) = postSolution
		SolutionGuid = {EBC9213C-A9A6-4F50-B75B-69969099D15C}
	EndGlobalSection
EndGlobal
