
Microsoft Visual Studio Solution File, Format Version 12.00
# Visual Studio Version 16
VisualStudioVersion = 16.0.29709.97
MinimumVisualStudioVersion = 10.0.40219.1
Project("{FAE04EC0-301F-11D3-BF4B-00C04F79EFBC}") = "faktoriyel", "faktoriyel\faktoriyel.csproj", "{B8FEAF5C-EB4F-488C-B209-7AF80D718F9F}"
EndProject
Global
	GlobalSection(SolutionConfigurationPlatforms) = preSolution
		Debug|Any CPU = Debug|Any CPU
		Release|Any CPU = Release|Any CPU
	EndGlobalSection
	GlobalSection(ProjectConfigurationPlatforms) = postSolution
		{B8FEAF5C-EB4F-488C-B209-7AF80D718F9F}.Debug|Any CPU.ActiveCfg = Debug|Any CPU
		{B8FEAF5C-EB4F-488C-B209-7AF80D718F9F}.Debug|Any CPU.Build.0 = Debug|Any CPU
		{B8FEAF5C-EB4F-488C-B209-7AF80D718F9F}.Release|Any CPU.ActiveCfg = Release|Any CPU
		{B8FEAF5C-EB4F-488C-B209-7AF80D718F9F}.Release|Any CPU.Build.0 = Release|Any CPU
	EndGlobalSection
	GlobalSection(SolutionProperties) = preSolution
		HideSolutionNode = FALSE
	EndGlobalSection
	GlobalSection(ExtensibilityGlobals) = postSolution
		SolutionGuid = {399028F1-E653-4171-85ED-092C6057C9AF}
	EndGlobalSection
EndGlobal
